// !$*UTF8*$!
{
	archiveVersion = 1;
	classes = {
	};
	objectVersion = 55;
	objects = {

/* Begin PBXBuildFile section */
		9A059C8D27FB02CB00D6D050 /* FirstScenePresenter.swift in Sources */ = {isa = PBXBuildFile; fileRef = 9A059C8527FB02CB00D6D050 /* FirstScenePresenter.swift */; };
		9A059C8E27FB02CB00D6D050 /* FirstSceneWorker.swift in Sources */ = {isa = PBXBuildFile; fileRef = 9A059C8627FB02CB00D6D050 /* FirstSceneWorker.swift */; };
		9A059C8F27FB02CB00D6D050 /* FirstSceneRouter.swift in Sources */ = {isa = PBXBuildFile; fileRef = 9A059C8727FB02CB00D6D050 /* FirstSceneRouter.swift */; };
		9A059C9027FB02CB00D6D050 /* FirstSceneModels.swift in Sources */ = {isa = PBXBuildFile; fileRef = 9A059C8827FB02CB00D6D050 /* FirstSceneModels.swift */; };
		9A059C9127FB02CB00D6D050 /* FirstSceneViewController.swift in Sources */ = {isa = PBXBuildFile; fileRef = 9A059C8927FB02CB00D6D050 /* FirstSceneViewController.swift */; };
		9A059C9227FB02CB00D6D050 /* FirstSceneProtocols.swift in Sources */ = {isa = PBXBuildFile; fileRef = 9A059C8A27FB02CB00D6D050 /* FirstSceneProtocols.swift */; };
		9A059C9327FB02CB00D6D050 /* FirstSceneAssembly.swift in Sources */ = {isa = PBXBuildFile; fileRef = 9A059C8B27FB02CB00D6D050 /* FirstSceneAssembly.swift */; };
		9A059C9427FB02CB00D6D050 /* FirstSceneInteractor.swift in Sources */ = {isa = PBXBuildFile; fileRef = 9A059C8C27FB02CB00D6D050 /* FirstSceneInteractor.swift */; };
		9A059C9827FB03BE00D6D050 /* NetworkSessionProtocol.swift in Sources */ = {isa = PBXBuildFile; fileRef = 9A059C9727FB03BE00D6D050 /* NetworkSessionProtocol.swift */; };
		9A059C9A27FB316300D6D050 /* EndpointTypeProtocol.swift in Sources */ = {isa = PBXBuildFile; fileRef = 9A059C9927FB316300D6D050 /* EndpointTypeProtocol.swift */; };
		9A7289F32800142B000908E6 /* GBShopTests.swift in Sources */ = {isa = PBXBuildFile; fileRef = 9A7289F22800142B000908E6 /* GBShopTests.swift */; };
		9ACD576527D61D5F00558B31 /* AppDelegate.swift in Sources */ = {isa = PBXBuildFile; fileRef = 9ACD576427D61D5F00558B31 /* AppDelegate.swift */; };
		9ACD576727D61D5F00558B31 /* SceneDelegate.swift in Sources */ = {isa = PBXBuildFile; fileRef = 9ACD576627D61D5F00558B31 /* SceneDelegate.swift */; };
		9ACD576E27D61D6100558B31 /* Assets.xcassets in Resources */ = {isa = PBXBuildFile; fileRef = 9ACD576D27D61D6100558B31 /* Assets.xcassets */; };
/* End PBXBuildFile section */

/* Begin PBXContainerItemProxy section */
		9A7289F42800142B000908E6 /* PBXContainerItemProxy */ = {
			isa = PBXContainerItemProxy;
			containerPortal = 9ACD575927D61D5F00558B31 /* Project object */;
			proxyType = 1;
			remoteGlobalIDString = 9ACD576027D61D5F00558B31;
			remoteInfo = GBShop;
		};
/* End PBXContainerItemProxy section */

/* Begin PBXFileReference section */
		9A059C8527FB02CB00D6D050 /* FirstScenePresenter.swift */ = {isa = PBXFileReference; lastKnownFileType = sourcecode.swift; path = FirstScenePresenter.swift; sourceTree = "<group>"; };
		9A059C8627FB02CB00D6D050 /* FirstSceneWorker.swift */ = {isa = PBXFileReference; lastKnownFileType = sourcecode.swift; path = FirstSceneWorker.swift; sourceTree = "<group>"; };
		9A059C8727FB02CB00D6D050 /* FirstSceneRouter.swift */ = {isa = PBXFileReference; lastKnownFileType = sourcecode.swift; path = FirstSceneRouter.swift; sourceTree = "<group>"; };
		9A059C8827FB02CB00D6D050 /* FirstSceneModels.swift */ = {isa = PBXFileReference; lastKnownFileType = sourcecode.swift; path = FirstSceneModels.swift; sourceTree = "<group>"; };
		9A059C8927FB02CB00D6D050 /* FirstSceneViewController.swift */ = {isa = PBXFileReference; lastKnownFileType = sourcecode.swift; path = FirstSceneViewController.swift; sourceTree = "<group>"; };
		9A059C8A27FB02CB00D6D050 /* FirstSceneProtocols.swift */ = {isa = PBXFileReference; lastKnownFileType = sourcecode.swift; path = FirstSceneProtocols.swift; sourceTree = "<group>"; };
		9A059C8B27FB02CB00D6D050 /* FirstSceneAssembly.swift */ = {isa = PBXFileReference; lastKnownFileType = sourcecode.swift; path = FirstSceneAssembly.swift; sourceTree = "<group>"; };
		9A059C8C27FB02CB00D6D050 /* FirstSceneInteractor.swift */ = {isa = PBXFileReference; lastKnownFileType = sourcecode.swift; path = FirstSceneInteractor.swift; sourceTree = "<group>"; };
		9A059C9727FB03BE00D6D050 /* NetworkSessionProtocol.swift */ = {isa = PBXFileReference; lastKnownFileType = sourcecode.swift; path = NetworkSessionProtocol.swift; sourceTree = "<group>"; };
		9A059C9927FB316300D6D050 /* EndpointTypeProtocol.swift */ = {isa = PBXFileReference; lastKnownFileType = sourcecode.swift; path = EndpointTypeProtocol.swift; sourceTree = "<group>"; };
		9A7289F02800142B000908E6 /* GBShopTests.xctest */ = {isa = PBXFileReference; explicitFileType = wrapper.cfbundle; includeInIndex = 0; path = GBShopTests.xctest; sourceTree = BUILT_PRODUCTS_DIR; };
		9A7289F22800142B000908E6 /* GBShopTests.swift */ = {isa = PBXFileReference; lastKnownFileType = sourcecode.swift; path = GBShopTests.swift; sourceTree = "<group>"; };
		9ACD576127D61D5F00558B31 /* GBShop.app */ = {isa = PBXFileReference; explicitFileType = wrapper.application; includeInIndex = 0; path = GBShop.app; sourceTree = BUILT_PRODUCTS_DIR; };
		9ACD576427D61D5F00558B31 /* AppDelegate.swift */ = {isa = PBXFileReference; lastKnownFileType = sourcecode.swift; path = AppDelegate.swift; sourceTree = "<group>"; };
		9ACD576627D61D5F00558B31 /* SceneDelegate.swift */ = {isa = PBXFileReference; lastKnownFileType = sourcecode.swift; path = SceneDelegate.swift; sourceTree = "<group>"; };
		9ACD576D27D61D6100558B31 /* Assets.xcassets */ = {isa = PBXFileReference; lastKnownFileType = folder.assetcatalog; path = Assets.xcassets; sourceTree = "<group>"; };
		9ACD577227D61D6100558B31 /* Info.plist */ = {isa = PBXFileReference; lastKnownFileType = text.plist.xml; path = Info.plist; sourceTree = "<group>"; };
/* End PBXFileReference section */

/* Begin PBXFrameworksBuildPhase section */
		9A7289ED2800142B000908E6 /* Frameworks */ = {
			isa = PBXFrameworksBuildPhase;
			buildActionMask = 2147483647;
			files = (
			);
			runOnlyForDeploymentPostprocessing = 0;
		};
		9ACD575E27D61D5F00558B31 /* Frameworks */ = {
			isa = PBXFrameworksBuildPhase;
			buildActionMask = 2147483647;
			files = (
			);
			runOnlyForDeploymentPostprocessing = 0;
		};
/* End PBXFrameworksBuildPhase section */

/* Begin PBXGroup section */
		9A059C8327FB01FB00D6D050 /* Scenes */ = {
			isa = PBXGroup;
			children = (
				9A059C9527FB038C00D6D050 /* FirstScene */,
			);
			path = Scenes;
			sourceTree = "<group>";
		};
		9A059C8427FB020900D6D050 /* SubFiles */ = {
			isa = PBXGroup;
			children = (
				9ACD576427D61D5F00558B31 /* AppDelegate.swift */,
				9ACD576627D61D5F00558B31 /* SceneDelegate.swift */,
				9ACD576D27D61D6100558B31 /* Assets.xcassets */,
			);
			path = SubFiles;
			sourceTree = "<group>";
		};
		9A059C9527FB038C00D6D050 /* FirstScene */ = {
			isa = PBXGroup;
			children = (
				9A059C8527FB02CB00D6D050 /* FirstScenePresenter.swift */,
				9A059C8627FB02CB00D6D050 /* FirstSceneWorker.swift */,
				9A059C8727FB02CB00D6D050 /* FirstSceneRouter.swift */,
				9A059C8827FB02CB00D6D050 /* FirstSceneModels.swift */,
				9A059C8927FB02CB00D6D050 /* FirstSceneViewController.swift */,
				9A059C8A27FB02CB00D6D050 /* FirstSceneProtocols.swift */,
				9A059C8B27FB02CB00D6D050 /* FirstSceneAssembly.swift */,
				9A059C8C27FB02CB00D6D050 /* FirstSceneInteractor.swift */,
			);
			path = FirstScene;
			sourceTree = "<group>";
		};
		9A059C9627FB03A700D6D050 /* NetworkLayer */ = {
			isa = PBXGroup;
			children = (
				9A059C9727FB03BE00D6D050 /* NetworkSessionProtocol.swift */,
				9A059C9927FB316300D6D050 /* EndpointTypeProtocol.swift */,
			);
			path = NetworkLayer;
			sourceTree = "<group>";
		};
		9A7289F12800142B000908E6 /* GBShopTests */ = {
			isa = PBXGroup;
			children = (
				9A7289F22800142B000908E6 /* GBShopTests.swift */,
			);
			path = GBShopTests;
			sourceTree = "<group>";
		};
		9ACD575827D61D5F00558B31 = {
			isa = PBXGroup;
			children = (
				9ACD576327D61D5F00558B31 /* GBShop */,
				9A7289F12800142B000908E6 /* GBShopTests */,
				9ACD576227D61D5F00558B31 /* Products */,
			);
			sourceTree = "<group>";
		};
		9ACD576227D61D5F00558B31 /* Products */ = {
			isa = PBXGroup;
			children = (
				9ACD576127D61D5F00558B31 /* GBShop.app */,
				9A7289F02800142B000908E6 /* GBShopTests.xctest */,
			);
			name = Products;
			sourceTree = "<group>";
		};
		9ACD576327D61D5F00558B31 /* GBShop */ = {
			isa = PBXGroup;
			children = (
				9A059C8327FB01FB00D6D050 /* Scenes */,
				9A059C9627FB03A700D6D050 /* NetworkLayer */,
				9A059C8427FB020900D6D050 /* SubFiles */,
				9ACD577227D61D6100558B31 /* Info.plist */,
			);
			path = GBShop;
			sourceTree = "<group>";
		};
/* End PBXGroup section */

/* Begin PBXNativeTarget section */
		9A7289EF2800142B000908E6 /* GBShopTests */ = {
			isa = PBXNativeTarget;
			buildConfigurationList = 9A7289F62800142B000908E6 /* Build configuration list for PBXNativeTarget "GBShopTests" */;
			buildPhases = (
				9A7289EC2800142B000908E6 /* Sources */,
				9A7289ED2800142B000908E6 /* Frameworks */,
				9A7289EE2800142B000908E6 /* Resources */,
			);
			buildRules = (
			);
			dependencies = (
				9A7289F52800142B000908E6 /* PBXTargetDependency */,
			);
			name = GBShopTests;
			productName = GBShopTests;
			productReference = 9A7289F02800142B000908E6 /* GBShopTests.xctest */;
			productType = "com.apple.product-type.bundle.unit-test";
		};
		9ACD576027D61D5F00558B31 /* GBShop */ = {
			isa = PBXNativeTarget;
			buildConfigurationList = 9ACD577527D61D6100558B31 /* Build configuration list for PBXNativeTarget "GBShop" */;
			buildPhases = (
				9ACD575D27D61D5F00558B31 /* Sources */,
				9ACD575E27D61D5F00558B31 /* Frameworks */,
				9ACD575F27D61D5F00558B31 /* Resources */,
			);
			buildRules = (
			);
			dependencies = (
			);
			name = GBShop;
			productName = GBShop;
			productReference = 9ACD576127D61D5F00558B31 /* GBShop.app */;
			productType = "com.apple.product-type.application";
		};
/* End PBXNativeTarget section */

/* Begin PBXProject section */
		9ACD575927D61D5F00558B31 /* Project object */ = {
			isa = PBXProject;
			attributes = {
				BuildIndependentTargetsInParallel = 1;
				LastSwiftUpdateCheck = 1320;
				LastUpgradeCheck = 1320;
				TargetAttributes = {
					9A7289EF2800142B000908E6 = {
						CreatedOnToolsVersion = 13.2.1;
						TestTargetID = 9ACD576027D61D5F00558B31;
					};
					9ACD576027D61D5F00558B31 = {
						CreatedOnToolsVersion = 13.2.1;
					};
				};
			};
			buildConfigurationList = 9ACD575C27D61D5F00558B31 /* Build configuration list for PBXProject "GBShop" */;
			compatibilityVersion = "Xcode 13.0";
			developmentRegion = en;
			hasScannedForEncodings = 0;
			knownRegions = (
				en,
				Base,
			);
			mainGroup = 9ACD575827D61D5F00558B31;
			productRefGroup = 9ACD576227D61D5F00558B31 /* Products */;
			projectDirPath = "";
			projectRoot = "";
			targets = (
				9ACD576027D61D5F00558B31 /* GBShop */,
				9A7289EF2800142B000908E6 /* GBShopTests */,
			);
		};
/* End PBXProject section */

/* Begin PBXResourcesBuildPhase section */
		9A7289EE2800142B000908E6 /* Resources */ = {
			isa = PBXResourcesBuildPhase;
			buildActionMask = 2147483647;
			files = (
			);
			runOnlyForDeploymentPostprocessing = 0;
		};
		9ACD575F27D61D5F00558B31 /* Resources */ = {
			isa = PBXResourcesBuildPhase;
			buildActionMask = 2147483647;
			files = (
				9ACD576E27D61D6100558B31 /* Assets.xcassets in Resources */,
			);
			runOnlyForDeploymentPostprocessing = 0;
		};
/* End PBXResourcesBuildPhase section */

/* Begin PBXSourcesBuildPhase section */
		9A7289EC2800142B000908E6 /* Sources */ = {
			isa = PBXSourcesBuildPhase;
			buildActionMask = 2147483647;
			files = (
				9A7289F32800142B000908E6 /* GBShopTests.swift in Sources */,
			);
			runOnlyForDeploymentPostprocessing = 0;
		};
		9ACD575D27D61D5F00558B31 /* Sources */ = {
			isa = PBXSourcesBuildPhase;
			buildActionMask = 2147483647;
			files = (
				9ACD576527D61D5F00558B31 /* AppDelegate.swift in Sources */,
				9A059C9127FB02CB00D6D050 /* FirstSceneViewController.swift in Sources */,
				9A059C9A27FB316300D6D050 /* EndpointTypeProtocol.swift in Sources */,
				9A059C9027FB02CB00D6D050 /* FirstSceneModels.swift in Sources */,
				9A059C9327FB02CB00D6D050 /* FirstSceneAssembly.swift in Sources */,
				9A059C9827FB03BE00D6D050 /* NetworkSessionProtocol.swift in Sources */,
				9A059C9427FB02CB00D6D050 /* FirstSceneInteractor.swift in Sources */,
				9A059C8E27FB02CB00D6D050 /* FirstSceneWorker.swift in Sources */,
				9A059C8D27FB02CB00D6D050 /* FirstScenePresenter.swift in Sources */,
				9ACD576727D61D5F00558B31 /* SceneDelegate.swift in Sources */,
				9A059C8F27FB02CB00D6D050 /* FirstSceneRouter.swift in Sources */,
				9A059C9227FB02CB00D6D050 /* FirstSceneProtocols.swift in Sources */,
			);
			runOnlyForDeploymentPostprocessing = 0;
		};
/* End PBXSourcesBuildPhase section */

/* Begin PBXTargetDependency section */
		9A7289F52800142B000908E6 /* PBXTargetDependency */ = {
			isa = PBXTargetDependency;
			target = 9ACD576027D61D5F00558B31 /* GBShop */;
			targetProxy = 9A7289F42800142B000908E6 /* PBXContainerItemProxy */;
		};
/* End PBXTargetDependency section */

/* Begin XCBuildConfiguration section */
		9A7289F72800142B000908E6 /* Debug */ = {
			isa = XCBuildConfiguration;
			buildSettings = {
				BUNDLE_LOADER = "$(TEST_HOST)";
				CODE_SIGN_STYLE = Automatic;
				CURRENT_PROJECT_VERSION = 1;
				DEVELOPMENT_TEAM = 577HJL96V9;
				GENERATE_INFOPLIST_FILE = YES;
				MARKETING_VERSION = 1.0;
				PRODUCT_BUNDLE_IDENTIFIER = nilProduction.GBShopTests;
				PRODUCT_NAME = "$(TARGET_NAME)";
				SWIFT_EMIT_LOC_STRINGS = NO;
				SWIFT_VERSION = 5.0;
				TARGETED_DEVICE_FAMILY = "1,2";
				TEST_HOST = "$(BUILT_PRODUCTS_DIR)/GBShop.app/GBShop";
			};
			name = Debug;
		};
		9A7289F82800142B000908E6 /* Release */ = {
			isa = XCBuildConfiguration;
			buildSettings = {
				BUNDLE_LOADER = "$(TEST_HOST)";
				CODE_SIGN_STYLE = Automatic;
				CURRENT_PROJECT_VERSION = 1;
				DEVELOPMENT_TEAM = 577HJL96V9;
				GENERATE_INFOPLIST_FILE = YES;
				MARKETING_VERSION = 1.0;
				PRODUCT_BUNDLE_IDENTIFIER = nilProduction.GBShopTests;
				PRODUCT_NAME = "$(TARGET_NAME)";
				SWIFT_EMIT_LOC_STRINGS = NO;
				SWIFT_VERSION = 5.0;
				TARGETED_DEVICE_FAMILY = "1,2";
				TEST_HOST = "$(BUILT_PRODUCTS_DIR)/GBShop.app/GBShop";
			};
			name = Release;
		};
		9ACD577327D61D6100558B31 /* Debug */ = {
			isa = XCBuildConfiguration;
			buildSettings = {
				ALWAYS_SEARCH_USER_PATHS = NO;
				CLANG_ANALYZER_NONNULL = YES;
				CLANG_ANALYZER_NUMBER_OBJECT_CONVERSION = YES_AGGRESSIVE;
				CLANG_CXX_LANGUAGE_STANDARD = "gnu++17";
				CLANG_CXX_LIBRARY = "libc++";
				CLANG_ENABLE_MODULES = YES;
				CLANG_ENABLE_OBJC_ARC = YES;
				CLANG_ENABLE_OBJC_WEAK = YES;
				CLANG_WARN_BLOCK_CAPTURE_AUTORELEASING = YES;
				CLANG_WARN_BOOL_CONVERSION = YES;
				CLANG_WARN_COMMA = YES;
				CLANG_WARN_CONSTANT_CONVERSION = YES;
				CLANG_WARN_DEPRECATED_OBJC_IMPLEMENTATIONS = YES;
				CLANG_WARN_DIRECT_OBJC_ISA_USAGE = YES_ERROR;
				CLANG_WARN_DOCUMENTATION_COMMENTS = YES;
				CLANG_WARN_EMPTY_BODY = YES;
				CLANG_WARN_ENUM_CONVERSION = YES;
				CLANG_WARN_INFINITE_RECURSION = YES;
				CLANG_WARN_INT_CONVERSION = YES;
				CLANG_WARN_NON_LITERAL_NULL_CONVERSION = YES;
				CLANG_WARN_OBJC_IMPLICIT_RETAIN_SELF = YES;
				CLANG_WARN_OBJC_LITERAL_CONVERSION = YES;
				CLANG_WARN_OBJC_ROOT_CLASS = YES_ERROR;
				CLANG_WARN_QUOTED_INCLUDE_IN_FRAMEWORK_HEADER = YES;
				CLANG_WARN_RANGE_LOOP_ANALYSIS = YES;
				CLANG_WARN_STRICT_PROTOTYPES = YES;
				CLANG_WARN_SUSPICIOUS_MOVE = YES;
				CLANG_WARN_UNGUARDED_AVAILABILITY = YES_AGGRESSIVE;
				CLANG_WARN_UNREACHABLE_CODE = YES;
				CLANG_WARN__DUPLICATE_METHOD_MATCH = YES;
				COPY_PHASE_STRIP = NO;
				DEBUG_INFORMATION_FORMAT = dwarf;
				ENABLE_STRICT_OBJC_MSGSEND = YES;
				ENABLE_TESTABILITY = YES;
				GCC_C_LANGUAGE_STANDARD = gnu11;
				GCC_DYNAMIC_NO_PIC = NO;
				GCC_NO_COMMON_BLOCKS = YES;
				GCC_OPTIMIZATION_LEVEL = 0;
				GCC_PREPROCESSOR_DEFINITIONS = (
					"DEBUG=1",
					"$(inherited)",
				);
				GCC_WARN_64_TO_32_BIT_CONVERSION = YES;
				GCC_WARN_ABOUT_RETURN_TYPE = YES_ERROR;
				GCC_WARN_UNDECLARED_SELECTOR = YES;
				GCC_WARN_UNINITIALIZED_AUTOS = YES_AGGRESSIVE;
				GCC_WARN_UNUSED_FUNCTION = YES;
				GCC_WARN_UNUSED_VARIABLE = YES;
				IPHONEOS_DEPLOYMENT_TARGET = 15.2;
				MTL_ENABLE_DEBUG_INFO = INCLUDE_SOURCE;
				MTL_FAST_MATH = YES;
				ONLY_ACTIVE_ARCH = YES;
				SDKROOT = iphoneos;
				SWIFT_ACTIVE_COMPILATION_CONDITIONS = DEBUG;
				SWIFT_OPTIMIZATION_LEVEL = "-Onone";
			};
			name = Debug;
		};
		9ACD577427D61D6100558B31 /* Release */ = {
			isa = XCBuildConfiguration;
			buildSettings = {
				ALWAYS_SEARCH_USER_PATHS = NO;
				CLANG_ANALYZER_NONNULL = YES;
				CLANG_ANALYZER_NUMBER_OBJECT_CONVERSION = YES_AGGRESSIVE;
				CLANG_CXX_LANGUAGE_STANDARD = "gnu++17";
				CLANG_CXX_LIBRARY = "libc++";
				CLANG_ENABLE_MODULES = YES;
				CLANG_ENABLE_OBJC_ARC = YES;
				CLANG_ENABLE_OBJC_WEAK = YES;
				CLANG_WARN_BLOCK_CAPTURE_AUTORELEASING = YES;
				CLANG_WARN_BOOL_CONVERSION = YES;
				CLANG_WARN_COMMA = YES;
				CLANG_WARN_CONSTANT_CONVERSION = YES;
				CLANG_WARN_DEPRECATED_OBJC_IMPLEMENTATIONS = YES;
				CLANG_WARN_DIRECT_OBJC_ISA_USAGE = YES_ERROR;
				CLANG_WARN_DOCUMENTATION_COMMENTS = YES;
				CLANG_WARN_EMPTY_BODY = YES;
				CLANG_WARN_ENUM_CONVERSION = YES;
				CLANG_WARN_INFINITE_RECURSION = YES;
				CLANG_WARN_INT_CONVERSION = YES;
				CLANG_WARN_NON_LITERAL_NULL_CONVERSION = YES;
				CLANG_WARN_OBJC_IMPLICIT_RETAIN_SELF = YES;
				CLANG_WARN_OBJC_LITERAL_CONVERSION = YES;
				CLANG_WARN_OBJC_ROOT_CLASS = YES_ERROR;
				CLANG_WARN_QUOTED_INCLUDE_IN_FRAMEWORK_HEADER = YES;
				CLANG_WARN_RANGE_LOOP_ANALYSIS = YES;
				CLANG_WARN_STRICT_PROTOTYPES = YES;
				CLANG_WARN_SUSPICIOUS_MOVE = YES;
				CLANG_WARN_UNGUARDED_AVAILABILITY = YES_AGGRESSIVE;
				CLANG_WARN_UNREACHABLE_CODE = YES;
				CLANG_WARN__DUPLICATE_METHOD_MATCH = YES;
				COPY_PHASE_STRIP = NO;
				DEBUG_INFORMATION_FORMAT = "dwarf-with-dsym";
				ENABLE_NS_ASSERTIONS = NO;
				ENABLE_STRICT_OBJC_MSGSEND = YES;
				GCC_C_LANGUAGE_STANDARD = gnu11;
				GCC_NO_COMMON_BLOCKS = YES;
				GCC_WARN_64_TO_32_BIT_CONVERSION = YES;
				GCC_WARN_ABOUT_RETURN_TYPE = YES_ERROR;
				GCC_WARN_UNDECLARED_SELECTOR = YES;
				GCC_WARN_UNINITIALIZED_AUTOS = YES_AGGRESSIVE;
				GCC_WARN_UNUSED_FUNCTION = YES;
				GCC_WARN_UNUSED_VARIABLE = YES;
				IPHONEOS_DEPLOYMENT_TARGET = 15.2;
				MTL_ENABLE_DEBUG_INFO = NO;
				MTL_FAST_MATH = YES;
				SDKROOT = iphoneos;
				SWIFT_COMPILATION_MODE = wholemodule;
				SWIFT_OPTIMIZATION_LEVEL = "-O";
				VALIDATE_PRODUCT = YES;
			};
			name = Release;
		};
		9ACD577627D61D6100558B31 /* Debug */ = {
			isa = XCBuildConfiguration;
			buildSettings = {
				ASSETCATALOG_COMPILER_APPICON_NAME = AppIcon;
				ASSETCATALOG_COMPILER_GLOBAL_ACCENT_COLOR_NAME = AccentColor;
				CODE_SIGN_IDENTITY = "Apple Development";
				CODE_SIGN_STYLE = Automatic;
				CURRENT_PROJECT_VERSION = 1;
				DEVELOPMENT_TEAM = "";
				GENERATE_INFOPLIST_FILE = YES;
				INFOPLIST_FILE = GBShop/Info.plist;
				INFOPLIST_KEY_CFBundleDisplayName = GBShop;
				INFOPLIST_KEY_UIApplicationSupportsIndirectInputEvents = YES;
				INFOPLIST_KEY_UILaunchStoryboardName = LaunchScreen;
				INFOPLIST_KEY_UISupportedInterfaceOrientations_iPad = "UIInterfaceOrientationPortrait UIInterfaceOrientationPortraitUpsideDown UIInterfaceOrientationLandscapeLeft UIInterfaceOrientationLandscapeRight";
				INFOPLIST_KEY_UISupportedInterfaceOrientations_iPhone = "UIInterfaceOrientationPortrait UIInterfaceOrientationLandscapeLeft UIInterfaceOrientationLandscapeRight";
				LD_RUNPATH_SEARCH_PATHS = (
					"$(inherited)",
					"@executable_path/Frameworks",
				);
				MARKETING_VERSION = 1.0;
				PRODUCT_BUNDLE_IDENTIFIER = nilProduction.GBShop;
				PRODUCT_NAME = "$(TARGET_NAME)";
				PROVISIONING_PROFILE_SPECIFIER = "";
				SWIFT_EMIT_LOC_STRINGS = YES;
				SWIFT_VERSION = 5.0;
				TARGETED_DEVICE_FAMILY = 1;
			};
			name = Debug;
		};
		9ACD577727D61D6100558B31 /* Release */ = {
			isa = XCBuildConfiguration;
			buildSettings = {
				ASSETCATALOG_COMPILER_APPICON_NAME = AppIcon;
				ASSETCATALOG_COMPILER_GLOBAL_ACCENT_COLOR_NAME = AccentColor;
				CODE_SIGN_IDENTITY = "Apple Development";
				CODE_SIGN_STYLE = Automatic;
				CURRENT_PROJECT_VERSION = 1;
				DEVELOPMENT_TEAM = "";
				GENERATE_INFOPLIST_FILE = YES;
				INFOPLIST_FILE = GBShop/Info.plist;
				INFOPLIST_KEY_CFBundleDisplayName = GBShop;
				INFOPLIST_KEY_UIApplicationSupportsIndirectInputEvents = YES;
				INFOPLIST_KEY_UILaunchStoryboardName = LaunchScreen;
				INFOPLIST_KEY_UISupportedInterfaceOrientations_iPad = "UIInterfaceOrientationPortrait UIInterfaceOrientationPortraitUpsideDown UIInterfaceOrientationLandscapeLeft UIInterfaceOrientationLandscapeRight";
				INFOPLIST_KEY_UISupportedInterfaceOrientations_iPhone = "UIInterfaceOrientationPortrait UIInterfaceOrientationLandscapeLeft UIInterfaceOrientationLandscapeRight";
				LD_RUNPATH_SEARCH_PATHS = (
					"$(inherited)",
					"@executable_path/Frameworks",
				);
				MARKETING_VERSION = 1.0;
				PRODUCT_BUNDLE_IDENTIFIER = nilProduction.GBShop;
				PRODUCT_NAME = "$(TARGET_NAME)";
				PROVISIONING_PROFILE_SPECIFIER = "";
				SWIFT_EMIT_LOC_STRINGS = YES;
				SWIFT_VERSION = 5.0;
				TARGETED_DEVICE_FAMILY = 1;
			};
			name = Release;
		};
/* End XCBuildConfiguration section */

/* Begin XCConfigurationList section */
		9A7289F62800142B000908E6 /* Build configuration list for PBXNativeTarget "GBShopTests" */ = {
			isa = XCConfigurationList;
			buildConfigurations = (
				9A7289F72800142B000908E6 /* Debug */,
				9A7289F82800142B000908E6 /* Release */,
			);
			defaultConfigurationIsVisible = 0;
			defaultConfigurationName = Release;
		};
		9ACD575C27D61D5F00558B31 /* Build configuration list for PBXProject "GBShop" */ = {
			isa = XCConfigurationList;
			buildConfigurations = (
				9ACD577327D61D6100558B31 /* Debug */,
				9ACD577427D61D6100558B31 /* Release */,
			);
			defaultConfigurationIsVisible = 0;
			defaultConfigurationName = Release;
		};
		9ACD577527D61D6100558B31 /* Build configuration list for PBXNativeTarget "GBShop" */ = {
			isa = XCConfigurationList;
			buildConfigurations = (
				9ACD577627D61D6100558B31 /* Debug */,
				9ACD577727D61D6100558B31 /* Release */,
			);
			defaultConfigurationIsVisible = 0;
			defaultConfigurationName = Release;
		};
/* End XCConfigurationList section */
	};
	rootObject = 9ACD575927D61D5F00558B31 /* Project object */;
}
